dependencies:
  tslib: 2.1.0
devDependencies:
  '@types/json-schema': 7.0.7
  '@types/node': 14.14.32
lockfileVersion: 5.2
packages:
  /@types/json-schema/7.0.7:
    dev: true
    resolution:
      integrity: sha512-cxWFQVseBm6O9Gbw1IWb8r6OS4OhSt3hPZLkFApLjM8TEXROBuQGLAH2i2gZpcXdLBIrpXuTDhH7Vbm1iXmNGA==
  /@types/node/14.14.32:
    dev: true
    resolution:
      integrity: sha512-/Ctrftx/zp4m8JOujM5ZhwzlWLx22nbQJiVqz8/zE15gOeEW+uly3FSX4fGFpcfEvFzXcMCJwq9lGVWgyARXhg==
  /tslib/2.1.0:
    dev: false
    resolution:
      integrity: sha512-hcVC3wYEziELGGmEEXue7D75zbwIIVUMWAVbHItGPx0ziyXxrOMQx4rQEVEV45Ut/1IotuEvwqPopzIOkDMf0A==
specifiers:
  '@types/json-schema': ^7.0.6
  '@types/node': ^14.14.10
  tslib: ^2.0.3
